
Microsoft Visual Studio Solution File, Format Version 12.00
# Visual Studio Version 18
VisualStudioVersion = 18.5.11612.153 insiders
MinimumVisualStudioVersion = 10.0.40219.1
Project("{FAE04EC0-301F-11D3-BF4B-00C04F79EFBC}") = "DMI.FD.Domain", "DMI.FD.Domain\DMI.FD.Domain.csproj", "{EA9D26C5-9B34-454A-A31B-35D6F807965C}"
EndProject
Project("{FAE04EC0-301F-11D3-BF4B-00C04F79EFBC}") = "DMI.FD.Domain.IO", "DMI.FD.Domain.IO\DMI.FD.Domain.IO.csproj", "{82FB4428-160E-4573-AD3D-2E59C3BBF112}"
EndProject
Global
	GlobalSection(SolutionConfigurationPlatforms) = preSolution
		Debug|Any CPU = Debug|Any CPU
		Release|Any CPU = Release|Any CPU
	EndGlobalSection
	GlobalSection(ProjectConfigurationPlatforms) = postSolution
		{EA9D26C5-9B34-454A-A31B-35D6F807965C}.Debug|Any CPU.ActiveCfg = Debug|Any CPU
		{EA9D26C5-9B34-454A-A31B-35D6F807965C}.Debug|Any CPU.Build.0 = Debug|Any CPU
		{EA9D26C5-9B34-454A-A31B-35D6F807965C}.Release|Any CPU.ActiveCfg = Release|Any CPU
		{EA9D26C5-9B34-454A-A31B-35D6F807965C}.Release|Any CPU.Build.0 = Release|Any CPU
		{82FB4428-160E-4573-AD3D-2E59C3BBF112}.Debug|Any CPU.ActiveCfg = Debug|Any CPU
		{82FB4428-160E-4573-AD3D-2E59C3BBF112}.Debug|Any CPU.Build.0 = Debug|Any CPU
		{82FB4428-160E-4573-AD3D-2E59C3BBF112}.Release|Any CPU.ActiveCfg = Release|Any CPU
		{82FB4428-160E-4573-AD3D-2E59C3BBF112}.Release|Any CPU.Build.0 = Release|Any CPU
	EndGlobalSection
	GlobalSection(SolutionProperties) = preSolution
		HideSolutionNode = FALSE
	EndGlobalSection
	GlobalSection(ExtensibilityGlobals) = postSolution
		SolutionGuid = {C0A0243A-61AE-415C-8D4F-6DE163EC3817}
	EndGlobalSection
EndGlobal
