
Microsoft Visual Studio Solution File, Format Version 12.00
# Visual Studio Version 18
VisualStudioVersion = 18.5.11619.145 insiders
MinimumVisualStudioVersion = 10.0.40219.1
Project("{FAE04EC0-301F-11D3-BF4B-00C04F79EFBC}") = "DMI.FD.Domain.IO", "..\DMI.FD\DMI.FD.Domain.IO\DMI.FD.Domain.IO.csproj", "{048B5C53-CBE4-5E66-10A9-92C270F17E6B}"
EndProject
Project("{FAE04EC0-301F-11D3-BF4B-00C04F79EFBC}") = "DMI.FD.Domain", "..\DMI.FD\DMI.FD.Domain\DMI.FD.Domain.csproj", "{6461919A-0841-8BF2-2289-6609FE713BAF}"
EndProject
Project("{FAE04EC0-301F-11D3-BF4B-00C04F79EFBC}") = "DMI.ObsDB.Domain", "..\DMI.ObsDB\DMI.ObsDB.Domain\DMI.ObsDB.Domain.csproj", "{A59BAB1A-3915-D869-6314-F9F81D080865}"
EndProject
Project("{FAE04EC0-301F-11D3-BF4B-00C04F79EFBC}") = "DMI.ObsDB.Persistence.File", "..\DMI.ObsDB\DMI.ObsDB.Persistence.File\DMI.ObsDB.Persistence.File.csproj", "{0A386772-EFAA-958E-EE70-76A895893A09}"
EndProject
Project("{FAE04EC0-301F-11D3-BF4B-00C04F79EFBC}") = "DMI.ObsDB.Persistence", "..\DMI.ObsDB\DMI.ObsDB.Persistence\DMI.ObsDB.Persistence.csproj", "{DC34EE89-51E6-2481-BC5B-910B768BD14B}"
EndProject
Project("{FAE04EC0-301F-11D3-BF4B-00C04F79EFBC}") = "DMI.SMS.Application", "..\DMI.SMS\DMI.SMS.Application\DMI.SMS.Application.csproj", "{727A79EA-B121-80F7-126D-4F60DC208A20}"
EndProject
Project("{FAE04EC0-301F-11D3-BF4B-00C04F79EFBC}") = "DMI.SMS.Domain", "..\DMI.SMS\DMI.SMS.Domain\DMI.SMS.Domain.csproj", "{AFA5170A-8906-C651-A4F3-5B1A637599B5}"
EndProject
Project("{FAE04EC0-301F-11D3-BF4B-00C04F79EFBC}") = "DMI.SMS.IO", "..\DMI.SMS\DMI.SMS.IO\DMI.SMS.IO.csproj", "{1F4E13C9-D87F-2605-81C2-5BCAE0B0E23A}"
EndProject
Project("{FAE04EC0-301F-11D3-BF4B-00C04F79EFBC}") = "DMI.SMS.Persistence.File", "..\DMI.SMS\DMI.SMS.Persistence.File\DMI.SMS.Persistence.File.csproj", "{6E09FCDA-DAB1-04A8-BDB0-E023035C318C}"
EndProject
Project("{FAE04EC0-301F-11D3-BF4B-00C04F79EFBC}") = "DMI.SMS.Persistence", "..\DMI.SMS\DMI.SMS.Persistence\DMI.SMS.Persistence.csproj", "{13DC34DB-5E39-8D6B-9399-DCF66E46E3F0}"
EndProject
Project("{FAE04EC0-301F-11D3-BF4B-00C04F79EFBC}") = "DMI.SMS.UIElements", "..\DMI.SMS\DMI.SMS.UIElements\DMI.SMS.UIElements.csproj", "{A62B7D98-57A4-BCCB-E91E-8421B8A4FA8E}"
EndProject
Project("{FAE04EC0-301F-11D3-BF4B-00C04F79EFBC}") = "DMI.SMS.ViewModel", "..\DMI.SMS\DMI.SMS.ViewModel\DMI.SMS.ViewModel.csproj", "{914AEE82-682D-AF7C-E50F-B3384F449C30}"
EndProject
Project("{FAE04EC0-301F-11D3-BF4B-00C04F79EFBC}") = "DMI.StatDB.Application", "..\DMI.StatDB\DMI.StatDB.Application\DMI.StatDB.Application.csproj", "{329B1BB3-9058-CD6F-8A2F-FAB5EFF9F2FB}"
EndProject
Project("{FAE04EC0-301F-11D3-BF4B-00C04F79EFBC}") = "DMI.StatDB.Domain", "..\DMI.StatDB\DMI.StatDB.Domain\DMI.StatDB.Domain.csproj", "{511DE626-D0AD-3C15-FEBB-ADCC55E21305}"
EndProject
Project("{FAE04EC0-301F-11D3-BF4B-00C04F79EFBC}") = "DMI.StatDB.IO", "..\DMI.StatDB\DMI.StatDB.IO\DMI.StatDB.IO.csproj", "{A400A405-CF79-1C6B-E391-3583F729A64D}"
EndProject
Project("{FAE04EC0-301F-11D3-BF4B-00C04F79EFBC}") = "DMI.StatDB.Persistence.File", "..\DMI.StatDB\DMI.StatDB.Persistence.File\DMI.StatDB.Persistence.File.csproj", "{0D4A620C-01B9-6C00-3B85-BE763B2B41CF}"
EndProject
Project("{FAE04EC0-301F-11D3-BF4B-00C04F79EFBC}") = "DMI.StatDB.Persistence", "..\DMI.StatDB\DMI.StatDB.Persistence\DMI.StatDB.Persistence.csproj", "{A3F713AE-7295-E8A6-B4E3-7C1D7BB0B280}"
EndProject
Project("{FAE04EC0-301F-11D3-BF4B-00C04F79EFBC}") = "DMI.StatDB.UIDataProvider.Persistence", "..\DMI.StatDB\DMI.StatDB.UIDataProvider.Persistence\DMI.StatDB.UIDataProvider.Persistence.csproj", "{00DD27E3-40FA-D06C-30A4-1F984C313598}"
EndProject
Project("{FAE04EC0-301F-11D3-BF4B-00C04F79EFBC}") = "DMI.StatDB.UIElements", "..\DMI.StatDB\DMI.StatDB.UIElements\DMI.StatDB.UIElements.csproj", "{F9F0F643-BBDB-430F-4144-0A655B832215}"
EndProject
Project("{FAE04EC0-301F-11D3-BF4B-00C04F79EFBC}") = "DMI.StatDB.ViewModel", "..\DMI.StatDB\DMI.StatDB.ViewModel\DMI.StatDB.ViewModel.csproj", "{9D1A5CEB-B829-6CCD-9B33-F1C9F8E720CA}"
EndProject
Project("{FAE04EC0-301F-11D3-BF4B-00C04F79EFBC}") = "DMI.Data.Studio.Application.UnitTest", "DMI.Data.Studio.Application.UnitTest\DMI.Data.Studio.Application.UnitTest.csproj", "{809CA51F-A43F-4A14-BD98-3117F74EA1A5}"
EndProject
Project("{FAE04EC0-301F-11D3-BF4B-00C04F79EFBC}") = "DMI.Data.Studio.Application", "DMI.Data.Studio.Application\DMI.Data.Studio.Application.csproj", "{343C95AC-0125-4C1C-AB65-938DCE505CD8}"
EndProject
Project("{FAE04EC0-301F-11D3-BF4B-00C04F79EFBC}") = "DMI.Data.Studio.UI.Console", "DMI.Data.Studio.UI.Console\DMI.Data.Studio.UI.Console.csproj", "{319010D5-E4E3-4088-97DB-AD15433B4B55}"
EndProject
Project("{FAE04EC0-301F-11D3-BF4B-00C04F79EFBC}") = "DMI.Data.Studio.UI.WPF", "DMI.Data.Studio.UI.WPF\DMI.Data.Studio.UI.WPF.csproj", "{4F3EE4D1-E73F-4C50-8F79-DFE161BA5EAA}"
EndProject
Project("{FAE04EC0-301F-11D3-BF4B-00C04F79EFBC}") = "DMI.Data.Studio.ViewModel", "DMI.Data.Studio.ViewModel\DMI.Data.Studio.ViewModel.csproj", "{0DE02207-066E-466C-ABE2-5BC2680F7179}"
EndProject
Global
	GlobalSection(SolutionConfigurationPlatforms) = preSolution
		Debug|Any CPU = Debug|Any CPU
		Release|Any CPU = Release|Any CPU
	EndGlobalSection
	GlobalSection(ProjectConfigurationPlatforms) = postSolution
		{048B5C53-CBE4-5E66-10A9-92C270F17E6B}.Debug|Any CPU.ActiveCfg = Debug|Any CPU
		{048B5C53-CBE4-5E66-10A9-92C270F17E6B}.Debug|Any CPU.Build.0 = Debug|Any CPU
		{048B5C53-CBE4-5E66-10A9-92C270F17E6B}.Release|Any CPU.ActiveCfg = Release|Any CPU
		{048B5C53-CBE4-5E66-10A9-92C270F17E6B}.Release|Any CPU.Build.0 = Release|Any CPU
		{6461919A-0841-8BF2-2289-6609FE713BAF}.Debug|Any CPU.ActiveCfg = Debug|Any CPU
		{6461919A-0841-8BF2-2289-6609FE713BAF}.Debug|Any CPU.Build.0 = Debug|Any CPU
		{6461919A-0841-8BF2-2289-6609FE713BAF}.Release|Any CPU.ActiveCfg = Release|Any CPU
		{6461919A-0841-8BF2-2289-6609FE713BAF}.Release|Any CPU.Build.0 = Release|Any CPU
		{A59BAB1A-3915-D869-6314-F9F81D080865}.Debug|Any CPU.ActiveCfg = Debug|Any CPU
		{A59BAB1A-3915-D869-6314-F9F81D080865}.Debug|Any CPU.Build.0 = Debug|Any CPU
		{A59BAB1A-3915-D869-6314-F9F81D080865}.Release|Any CPU.ActiveCfg = Release|Any CPU
		{A59BAB1A-3915-D869-6314-F9F81D080865}.Release|Any CPU.Build.0 = Release|Any CPU
		{0A386772-EFAA-958E-EE70-76A895893A09}.Debug|Any CPU.ActiveCfg = Debug|Any CPU
		{0A386772-EFAA-958E-EE70-76A895893A09}.Debug|Any CPU.Build.0 = Debug|Any CPU
		{0A386772-EFAA-958E-EE70-76A895893A09}.Release|Any CPU.ActiveCfg = Release|Any CPU
		{0A386772-EFAA-958E-EE70-76A895893A09}.Release|Any CPU.Build.0 = Release|Any CPU
		{DC34EE89-51E6-2481-BC5B-910B768BD14B}.Debug|Any CPU.ActiveCfg = Debug|Any CPU
		{DC34EE89-51E6-2481-BC5B-910B768BD14B}.Debug|Any CPU.Build.0 = Debug|Any CPU
		{DC34EE89-51E6-2481-BC5B-910B768BD14B}.Release|Any CPU.ActiveCfg = Release|Any CPU
		{DC34EE89-51E6-2481-BC5B-910B768BD14B}.Release|Any CPU.Build.0 = Release|Any CPU
		{727A79EA-B121-80F7-126D-4F60DC208A20}.Debug|Any CPU.ActiveCfg = Debug|Any CPU
		{727A79EA-B121-80F7-126D-4F60DC208A20}.Debug|Any CPU.Build.0 = Debug|Any CPU
		{727A79EA-B121-80F7-126D-4F60DC208A20}.Release|Any CPU.ActiveCfg = Release|Any CPU
		{727A79EA-B121-80F7-126D-4F60DC208A20}.Release|Any CPU.Build.0 = Release|Any CPU
		{AFA5170A-8906-C651-A4F3-5B1A637599B5}.Debug|Any CPU.ActiveCfg = Debug|Any CPU
		{AFA5170A-8906-C651-A4F3-5B1A637599B5}.Debug|Any CPU.Build.0 = Debug|Any CPU
		{AFA5170A-8906-C651-A4F3-5B1A637599B5}.Release|Any CPU.ActiveCfg = Release|Any CPU
		{AFA5170A-8906-C651-A4F3-5B1A637599B5}.Release|Any CPU.Build.0 = Release|Any CPU
		{1F4E13C9-D87F-2605-81C2-5BCAE0B0E23A}.Debug|Any CPU.ActiveCfg = Debug|Any CPU
		{1F4E13C9-D87F-2605-81C2-5BCAE0B0E23A}.Debug|Any CPU.Build.0 = Debug|Any CPU
		{1F4E13C9-D87F-2605-81C2-5BCAE0B0E23A}.Release|Any CPU.ActiveCfg = Release|Any CPU
		{1F4E13C9-D87F-2605-81C2-5BCAE0B0E23A}.Release|Any CPU.Build.0 = Release|Any CPU
		{6E09FCDA-DAB1-04A8-BDB0-E023035C318C}.Debug|Any CPU.ActiveCfg = Debug|Any CPU
		{6E09FCDA-DAB1-04A8-BDB0-E023035C318C}.Debug|Any CPU.Build.0 = Debug|Any CPU
		{6E09FCDA-DAB1-04A8-BDB0-E023035C318C}.Release|Any CPU.ActiveCfg = Release|Any CPU
		{6E09FCDA-DAB1-04A8-BDB0-E023035C318C}.Release|Any CPU.Build.0 = Release|Any CPU
		{13DC34DB-5E39-8D6B-9399-DCF66E46E3F0}.Debug|Any CPU.ActiveCfg = Debug|Any CPU
		{13DC34DB-5E39-8D6B-9399-DCF66E46E3F0}.Debug|Any CPU.Build.0 = Debug|Any CPU
		{13DC34DB-5E39-8D6B-9399-DCF66E46E3F0}.Release|Any CPU.ActiveCfg = Release|Any CPU
		{13DC34DB-5E39-8D6B-9399-DCF66E46E3F0}.Release|Any CPU.Build.0 = Release|Any CPU
		{A62B7D98-57A4-BCCB-E91E-8421B8A4FA8E}.Debug|Any CPU.ActiveCfg = Debug|Any CPU
		{A62B7D98-57A4-BCCB-E91E-8421B8A4FA8E}.Debug|Any CPU.Build.0 = Debug|Any CPU
		{A62B7D98-57A4-BCCB-E91E-8421B8A4FA8E}.Release|Any CPU.ActiveCfg = Release|Any CPU
		{A62B7D98-57A4-BCCB-E91E-8421B8A4FA8E}.Release|Any CPU.Build.0 = Release|Any CPU
		{914AEE82-682D-AF7C-E50F-B3384F449C30}.Debug|Any CPU.ActiveCfg = Debug|Any CPU
		{914AEE82-682D-AF7C-E50F-B3384F449C30}.Debug|Any CPU.Build.0 = Debug|Any CPU
		{914AEE82-682D-AF7C-E50F-B3384F449C30}.Release|Any CPU.ActiveCfg = Release|Any CPU
		{914AEE82-682D-AF7C-E50F-B3384F449C30}.Release|Any CPU.Build.0 = Release|Any CPU
		{329B1BB3-9058-CD6F-8A2F-FAB5EFF9F2FB}.Debug|Any CPU.ActiveCfg = Debug|Any CPU
		{329B1BB3-9058-CD6F-8A2F-FAB5EFF9F2FB}.Debug|Any CPU.Build.0 = Debug|Any CPU
		{329B1BB3-9058-CD6F-8A2F-FAB5EFF9F2FB}.Release|Any CPU.ActiveCfg = Release|Any CPU
		{329B1BB3-9058-CD6F-8A2F-FAB5EFF9F2FB}.Release|Any CPU.Build.0 = Release|Any CPU
		{511DE626-D0AD-3C15-FEBB-ADCC55E21305}.Debug|Any CPU.ActiveCfg = Debug|Any CPU
		{511DE626-D0AD-3C15-FEBB-ADCC55E21305}.Debug|Any CPU.Build.0 = Debug|Any CPU
		{511DE626-D0AD-3C15-FEBB-ADCC55E21305}.Release|Any CPU.ActiveCfg = Release|Any CPU
		{511DE626-D0AD-3C15-FEBB-ADCC55E21305}.Release|Any CPU.Build.0 = Release|Any CPU
		{A400A405-CF79-1C6B-E391-3583F729A64D}.Debug|Any CPU.ActiveCfg = Debug|Any CPU
		{A400A405-CF79-1C6B-E391-3583F729A64D}.Debug|Any CPU.Build.0 = Debug|Any CPU
		{A400A405-CF79-1C6B-E391-3583F729A64D}.Release|Any CPU.ActiveCfg = Release|Any CPU
		{A400A405-CF79-1C6B-E391-3583F729A64D}.Release|Any CPU.Build.0 = Release|Any CPU
		{0D4A620C-01B9-6C00-3B85-BE763B2B41CF}.Debug|Any CPU.ActiveCfg = Debug|Any CPU
		{0D4A620C-01B9-6C00-3B85-BE763B2B41CF}.Debug|Any CPU.Build.0 = Debug|Any CPU
		{0D4A620C-01B9-6C00-3B85-BE763B2B41CF}.Release|Any CPU.ActiveCfg = Release|Any CPU
		{0D4A620C-01B9-6C00-3B85-BE763B2B41CF}.Release|Any CPU.Build.0 = Release|Any CPU
		{A3F713AE-7295-E8A6-B4E3-7C1D7BB0B280}.Debug|Any CPU.ActiveCfg = Debug|Any CPU
		{A3F713AE-7295-E8A6-B4E3-7C1D7BB0B280}.Debug|Any CPU.Build.0 = Debug|Any CPU
		{A3F713AE-7295-E8A6-B4E3-7C1D7BB0B280}.Release|Any CPU.ActiveCfg = Release|Any CPU
		{A3F713AE-7295-E8A6-B4E3-7C1D7BB0B280}.Release|Any CPU.Build.0 = Release|Any CPU
		{00DD27E3-40FA-D06C-30A4-1F984C313598}.Debug|Any CPU.ActiveCfg = Debug|Any CPU
		{00DD27E3-40FA-D06C-30A4-1F984C313598}.Debug|Any CPU.Build.0 = Debug|Any CPU
		{00DD27E3-40FA-D06C-30A4-1F984C313598}.Release|Any CPU.ActiveCfg = Release|Any CPU
		{00DD27E3-40FA-D06C-30A4-1F984C313598}.Release|Any CPU.Build.0 = Release|Any CPU
		{F9F0F643-BBDB-430F-4144-0A655B832215}.Debug|Any CPU.ActiveCfg = Debug|Any CPU
		{F9F0F643-BBDB-430F-4144-0A655B832215}.Debug|Any CPU.Build.0 = Debug|Any CPU
		{F9F0F643-BBDB-430F-4144-0A655B832215}.Release|Any CPU.ActiveCfg = Release|Any CPU
		{F9F0F643-BBDB-430F-4144-0A655B832215}.Release|Any CPU.Build.0 = Release|Any CPU
		{9D1A5CEB-B829-6CCD-9B33-F1C9F8E720CA}.Debug|Any CPU.ActiveCfg = Debug|Any CPU
		{9D1A5CEB-B829-6CCD-9B33-F1C9F8E720CA}.Debug|Any CPU.Build.0 = Debug|Any CPU
		{9D1A5CEB-B829-6CCD-9B33-F1C9F8E720CA}.Release|Any CPU.ActiveCfg = Release|Any CPU
		{9D1A5CEB-B829-6CCD-9B33-F1C9F8E720CA}.Release|Any CPU.Build.0 = Release|Any CPU
		{809CA51F-A43F-4A14-BD98-3117F74EA1A5}.Debug|Any CPU.ActiveCfg = Debug|Any CPU
		{809CA51F-A43F-4A14-BD98-3117F74EA1A5}.Debug|Any CPU.Build.0 = Debug|Any CPU
		{809CA51F-A43F-4A14-BD98-3117F74EA1A5}.Release|Any CPU.ActiveCfg = Release|Any CPU
		{809CA51F-A43F-4A14-BD98-3117F74EA1A5}.Release|Any CPU.Build.0 = Release|Any CPU
		{343C95AC-0125-4C1C-AB65-938DCE505CD8}.Debug|Any CPU.ActiveCfg = Debug|Any CPU
		{343C95AC-0125-4C1C-AB65-938DCE505CD8}.Debug|Any CPU.Build.0 = Debug|Any CPU
		{343C95AC-0125-4C1C-AB65-938DCE505CD8}.Release|Any CPU.ActiveCfg = Release|Any CPU
		{343C95AC-0125-4C1C-AB65-938DCE505CD8}.Release|Any CPU.Build.0 = Release|Any CPU
		{319010D5-E4E3-4088-97DB-AD15433B4B55}.Debug|Any CPU.ActiveCfg = Debug|Any CPU
		{319010D5-E4E3-4088-97DB-AD15433B4B55}.Debug|Any CPU.Build.0 = Debug|Any CPU
		{319010D5-E4E3-4088-97DB-AD15433B4B55}.Release|Any CPU.ActiveCfg = Release|Any CPU
		{319010D5-E4E3-4088-97DB-AD15433B4B55}.Release|Any CPU.Build.0 = Release|Any CPU
		{4F3EE4D1-E73F-4C50-8F79-DFE161BA5EAA}.Debug|Any CPU.ActiveCfg = Debug|Any CPU
		{4F3EE4D1-E73F-4C50-8F79-DFE161BA5EAA}.Debug|Any CPU.Build.0 = Debug|Any CPU
		{4F3EE4D1-E73F-4C50-8F79-DFE161BA5EAA}.Release|Any CPU.ActiveCfg = Release|Any CPU
		{4F3EE4D1-E73F-4C50-8F79-DFE161BA5EAA}.Release|Any CPU.Build.0 = Release|Any CPU
		{0DE02207-066E-466C-ABE2-5BC2680F7179}.Debug|Any CPU.ActiveCfg = Debug|Any CPU
		{0DE02207-066E-466C-ABE2-5BC2680F7179}.Debug|Any CPU.Build.0 = Debug|Any CPU
		{0DE02207-066E-466C-ABE2-5BC2680F7179}.Release|Any CPU.ActiveCfg = Release|Any CPU
		{0DE02207-066E-466C-ABE2-5BC2680F7179}.Release|Any CPU.Build.0 = Release|Any CPU
	EndGlobalSection
	GlobalSection(SolutionProperties) = preSolution
		HideSolutionNode = FALSE
	EndGlobalSection
EndGlobal
