<Solution>
  <Project Path="DMI.StatDB.Domain/DMI.StatDB.Domain.csproj" />
  <Project Path="DMI.StatDB.IO.UnitTest/DMI.StatDB.IO.UnitTest.csproj" Id="7019ee48-7fc6-44d3-866a-c79fd8860a38" />
  <Project Path="DMI.StatDB.IO/DMI.StatDB.IO.csproj" />
  <Project Path="DMI.StatDB.Persistence.File/DMI.StatDB.Persistence.File.csproj" Id="d2eacf6e-11c1-4b7a-89df-a39f009eaac2" />
  <Project Path="DMI.StatDB.Persistence/DMI.StatDB.Persistence.csproj" Id="c042dee2-d152-43ae-b023-a2f36b8cda4f" />
</Solution>
